{
  "name": "Gestion-Eventos",
  "lockfileVersion": 3,
  "requires": true,
  "packages": {
    "": {
      "dependencies": {
        "@lineiconshq/free-icons": "^1.0.7",
        "@lineiconshq/react-lineicons": "^1.0.5"
      }
    },
    "node_modules/@lineiconshq/free-icons": {
      "version": "1.0.7",
      "resolved": "https://registry.npmjs.org/@lineiconshq/free-icons/-/free-icons-1.0.7.tgz",
      "integrity": "sha512-HfD3qUojTD2PYLXpHBl58IhyZyfCQaLJUIjkTodXZVYXrMHoKjEKAalNRQ0IGWU50WsRoYI59W+Y3pcFGHFSVg==",
      "license": "MIT",
      "dependencies": {
        "meilisearch": "^0.53.0"
      }
    },
    "node_modules/@lineiconshq/react-lineicons": {
      "version": "1.0.5",
      "resolved": "https://registry.npmjs.org/@lineiconshq/react-lineicons/-/react-lineicons-1.0.5.tgz",
      "integrity": "sha512-GfUBSMLoL7siDOmVwDTTGwGCREu7Q/g7PAzqoMII+SF6ZWQS3ZfTLupNcQkTx4R6+mTibz5OIoWHCseVF8WsMQ==",
      "license": "MIT",
      "dependencies": {
        "@lineiconshq/free-icons": "^0.0.1"
      },
      "peerDependencies": {
        "react": "^16.8.0 || ^17.0.0 || ^18.0.0 || ^19.0.0"
      }
    },
    "node_modules/@lineiconshq/react-lineicons/node_modules/@lineiconshq/free-icons": {
      "version": "0.0.1",
      "resolved": "https://registry.npmjs.org/@lineiconshq/free-icons/-/free-icons-0.0.1.tgz",
      "integrity": "sha512-fnWSSjIv/4vojAKsBZXluhMRr1LIb5p85IzXK0Dh27KF9qXxz89HZJrnvXH71ZqMCP+NFzo/xh0dJsv8PT+3xg==",
      "license": "MIT",
      "peerDependencies": {
        "react": "^16.8.0 || ^17.0.0 || ^18.0.0 || ^19.0.0"
      }
    },
    "node_modules/meilisearch": {
      "version": "0.53.0",
      "resolved": "https://registry.npmjs.org/meilisearch/-/meilisearch-0.53.0.tgz",
      "integrity": "sha512-nG4VXbEOSzUmtbfsgOo+t6yX1ECEgXaT4hC0ap9MBpQGK5xwT+NWYDENYsKWR75cVaWaAqva+ok4zHlgtdXlLw==",
      "license": "MIT"
    },
    "node_modules/react": {
      "version": "19.3.0",
      "resolved": "https://registry.npmjs.org/react/-/react-19.3.0.tgz",
      "integrity": "sha512-E8LUcbtBWt20bbl2YoHfx4ZDBdxVTfOKtCZn9cDSJ4l6/nuoApcpIBcj47t2wZoVX8g2ZHuMHbiShgCR1T5Sog==",
      "license": "MIT",
      "peer": true,
      "engines": {
        "node": ">=0.10.0"
      }
    }
  }
}
